
Microsoft Visual Studio Solution File, Format Version 12.00
# Visual Studio Version 16
VisualStudioVersion = 16.0.31112.23
MinimumVisualStudioVersion = 10.0.40219.1
Project("{9A19103F-16F7-4668-BE54-9A1E7A4F7556}") = "CodeCoverage", "CodeCoverage\CodeCoverage.csproj", "{68E63CAB-654E-4120-B696-B3EF2722324E}"
EndProject
Project("{9A19103F-16F7-4668-BE54-9A1E7A4F7556}") = "CodeCoverageTest", "CodeCoverageTest\CodeCoverageTest.csproj", "{D941571A-E242-4F30-8C93-2AFA77792DAA}"
EndProject
Project("{FAE04EC0-301F-11D3-BF4B-00C04F79EFBC}") = "XamarinAndroidApp", "XamarinAndroidApp\XamarinAndroidApp.csproj", "{BE337D72-EE5D-440E-AE7E-68B4D8ABB32D}"
EndProject
Global
	GlobalSection(SolutionConfigurationPlatforms) = preSolution
		Debug|Any CPU = Debug|Any CPU
		Release|Any CPU = Release|Any CPU
	EndGlobalSection
	GlobalSection(ProjectConfigurationPlatforms) = postSolution
		{68E63CAB-654E-4120-B696-B3EF2722324E}.Debug|Any CPU.ActiveCfg = Debug|Any CPU
		{68E63CAB-654E-4120-B696-B3EF2722324E}.Debug|Any CPU.Build.0 = Debug|Any CPU
		{68E63CAB-654E-4120-B696-B3EF2722324E}.Release|Any CPU.ActiveCfg = Release|Any CPU
		{68E63CAB-654E-4120-B696-B3EF2722324E}.Release|Any CPU.Build.0 = Release|Any CPU
		{D941571A-E242-4F30-8C93-2AFA77792DAA}.Debug|Any CPU.ActiveCfg = Debug|Any CPU
		{D941571A-E242-4F30-8C93-2AFA77792DAA}.Debug|Any CPU.Build.0 = Debug|Any CPU
		{D941571A-E242-4F30-8C93-2AFA77792DAA}.Release|Any CPU.ActiveCfg = Release|Any CPU
		{D941571A-E242-4F30-8C93-2AFA77792DAA}.Release|Any CPU.Build.0 = Release|Any CPU
		{BE337D72-EE5D-440E-AE7E-68B4D8ABB32D}.Debug|Any CPU.ActiveCfg = Debug|Any CPU
		{BE337D72-EE5D-440E-AE7E-68B4D8ABB32D}.Debug|Any CPU.Build.0 = Debug|Any CPU
		{BE337D72-EE5D-440E-AE7E-68B4D8ABB32D}.Debug|Any CPU.Deploy.0 = Debug|Any CPU
		{BE337D72-EE5D-440E-AE7E-68B4D8ABB32D}.Release|Any CPU.ActiveCfg = Release|Any CPU
		{BE337D72-EE5D-440E-AE7E-68B4D8ABB32D}.Release|Any CPU.Build.0 = Release|Any CPU
		{BE337D72-EE5D-440E-AE7E-68B4D8ABB32D}.Release|Any CPU.Deploy.0 = Release|Any CPU
	EndGlobalSection
	GlobalSection(SolutionProperties) = preSolution
		HideSolutionNode = FALSE
	EndGlobalSection
	GlobalSection(ExtensibilityGlobals) = postSolution
		SolutionGuid = {FE4DC329-B9F5-48D3-B63C-9A15C2DDA4D7}
	EndGlobalSection
EndGlobal
